PODS:
  - compass (0.0.1):
    - Flutter
  - Flutter (1.0.0)

DEPENDENCIES:
  - compass (from `.symlinks/plugins/compass/ios`)
  - Flutter (from `Flutter`)

EXTERNAL SOURCES:
  compass:
    :path: ".symlinks/plugins/compass/ios"
  Flutter:
    :path: Flutter

SPEC CHECKSUMS:
  compass: e99c26598694570c5dfaca0080b0871659717e87
  Flutter: 0e3d915762c693b495b44d77113d4970485de6ec

PODFILE CHECKSUM: aafe91acc616949ddb318b77800a7f51bffa2a4c

COCOAPODS: 1.9.3
